// !$*UTF8*$!
{
	archiveVersion = 1;
	classes = {
	};
	objectVersion = 51;
	objects = {

/* Begin PBXBuildFile section */
		2B1460848FE39F92B00B5648 /* Pods_TestHora.framework in Frameworks */ = {isa = PBXBuildFile; fileRef = 4D2C078DAB899D7035B479D3 /* Pods_TestHora.framework */; };
		9263360D258B7CA500E7D6DE /* AppDelegate.swift in Sources */ = {isa = PBXBuildFile; fileRef = 9263360C258B7CA500E7D6DE /* AppDelegate.swift */; };
		9263360F258B7CA500E7D6DE /* SceneDelegate.swift in Sources */ = {isa = PBXBuildFile; fileRef = 9263360E258B7CA500E7D6DE /* SceneDelegate.swift */; };
		92633611258B7CA500E7D6DE /* MenuViewController.swift in Sources */ = {isa = PBXBuildFile; fileRef = 92633610258B7CA500E7D6DE /* MenuViewController.swift */; };
		92633616258B7CA700E7D6DE /* Assets.xcassets in Resources */ = {isa = PBXBuildFile; fileRef = 92633615258B7CA700E7D6DE /* Assets.xcassets */; };
		92633619258B7CA700E7D6DE /* LaunchScreen.storyboard in Resources */ = {isa = PBXBuildFile; fileRef = 92633617258B7CA700E7D6DE /* LaunchScreen.storyboard */; };
		92633622258B7EBB00E7D6DE /* places.json in Resources */ = {isa = PBXBuildFile; fileRef = 92633621258B7EBB00E7D6DE /* places.json */; };
		92633626258B906100E7D6DE /* Place.swift in Sources */ = {isa = PBXBuildFile; fileRef = 92633625258B906100E7D6DE /* Place.swift */; };
		9263362A258B98A200E7D6DE /* NetworkManager.swift in Sources */ = {isa = PBXBuildFile; fileRef = 92633629258B98A200E7D6DE /* NetworkManager.swift */; };
		9263362F258C3ECE00E7D6DE /* PlacesViewController.swift in Sources */ = {isa = PBXBuildFile; fileRef = 9263362E258C3ECE00E7D6DE /* PlacesViewController.swift */; };
		92886DB9259F34FF002ADCD2 /* ButtomDetailView.swift in Sources */ = {isa = PBXBuildFile; fileRef = 92886DB8259F34FF002ADCD2 /* ButtomDetailView.swift */; };
		9291290A258CB63E00C6945D /* DetailsViewController.swift in Sources */ = {isa = PBXBuildFile; fileRef = 92912909258CB63E00C6945D /* DetailsViewController.swift */; };
		92F9D8132592341100409F78 /* PlacesCustomCell.swift in Sources */ = {isa = PBXBuildFile; fileRef = 92F9D8122592341100409F78 /* PlacesCustomCell.swift */; };
/* End PBXBuildFile section */

/* Begin PBXFileReference section */
		0B492D113601EF1B79F84976 /* Pods-TestHora.debug.xcconfig */ = {isa = PBXFileReference; includeInIndex = 1; lastKnownFileType = text.xcconfig; name = "Pods-TestHora.debug.xcconfig"; path = "Target Support Files/Pods-TestHora/Pods-TestHora.debug.xcconfig"; sourceTree = "<group>"; };
		4D2C078DAB899D7035B479D3 /* Pods_TestHora.framework */ = {isa = PBXFileReference; explicitFileType = wrapper.framework; includeInIndex = 0; path = Pods_TestHora.framework; sourceTree = BUILT_PRODUCTS_DIR; };
		697450910426DF7D81AD8E86 /* Pods-TestHora.release.xcconfig */ = {isa = PBXFileReference; includeInIndex = 1; lastKnownFileType = text.xcconfig; name = "Pods-TestHora.release.xcconfig"; path = "Target Support Files/Pods-TestHora/Pods-TestHora.release.xcconfig"; sourceTree = "<group>"; };
		92633609258B7CA500E7D6DE /* TestHora.app */ = {isa = PBXFileReference; explicitFileType = wrapper.application; includeInIndex = 0; path = TestHora.app; sourceTree = BUILT_PRODUCTS_DIR; };
		9263360C258B7CA500E7D6DE /* AppDelegate.swift */ = {isa = PBXFileReference; lastKnownFileType = sourcecode.swift; path = AppDelegate.swift; sourceTree = "<group>"; };
		9263360E258B7CA500E7D6DE /* SceneDelegate.swift */ = {isa = PBXFileReference; lastKnownFileType = sourcecode.swift; path = SceneDelegate.swift; sourceTree = "<group>"; };
		92633610258B7CA500E7D6DE /* MenuViewController.swift */ = {isa = PBXFileReference; lastKnownFileType = sourcecode.swift; path = MenuViewController.swift; sourceTree = "<group>"; };
		92633615258B7CA700E7D6DE /* Assets.xcassets */ = {isa = PBXFileReference; lastKnownFileType = folder.assetcatalog; path = Assets.xcassets; sourceTree = "<group>"; };
		92633618258B7CA700E7D6DE /* Base */ = {isa = PBXFileReference; lastKnownFileType = file.storyboard; name = Base; path = Base.lproj/LaunchScreen.storyboard; sourceTree = "<group>"; };
		9263361A258B7CA700E7D6DE /* Info.plist */ = {isa = PBXFileReference; lastKnownFileType = text.plist.xml; path = Info.plist; sourceTree = "<group>"; };
		92633621258B7EBB00E7D6DE /* places.json */ = {isa = PBXFileReference; lastKnownFileType = text.json; path = places.json; sourceTree = "<group>"; };
		92633625258B906100E7D6DE /* Place.swift */ = {isa = PBXFileReference; lastKnownFileType = sourcecode.swift; path = Place.swift; sourceTree = "<group>"; };
		92633629258B98A200E7D6DE /* NetworkManager.swift */ = {isa = PBXFileReference; lastKnownFileType = sourcecode.swift; path = NetworkManager.swift; sourceTree = "<group>"; };
		9263362E258C3ECE00E7D6DE /* PlacesViewController.swift */ = {isa = PBXFileReference; lastKnownFileType = sourcecode.swift; path = PlacesViewController.swift; sourceTree = "<group>"; };
		92886DB8259F34FF002ADCD2 /* ButtomDetailView.swift */ = {isa = PBXFileReference; lastKnownFileType = sourcecode.swift; path = ButtomDetailView.swift; sourceTree = "<group>"; };
		92912909258CB63E00C6945D /* DetailsViewController.swift */ = {isa = PBXFileReference; lastKnownFileType = sourcecode.swift; path = DetailsViewController.swift; sourceTree = "<group>"; };
		92F9D8122592341100409F78 /* PlacesCustomCell.swift */ = {isa = PBXFileReference; lastKnownFileType = sourcecode.swift; path = PlacesCustomCell.swift; sourceTree = "<group>"; };
/* End PBXFileReference section */

/* Begin PBXFrameworksBuildPhase section */
		92633606258B7CA500E7D6DE /* Frameworks */ = {
			isa = PBXFrameworksBuildPhase;
			buildActionMask = 2147483647;
			files = (
				2B1460848FE39F92B00B5648 /* Pods_TestHora.framework in Frameworks */,
			);
			runOnlyForDeploymentPostprocessing = 0;
		};
/* End PBXFrameworksBuildPhase section */

/* Begin PBXGroup section */
		1005A259280D23F5F9AB0ABB /* Frameworks */ = {
			isa = PBXGroup;
			children = (
				4D2C078DAB899D7035B479D3 /* Pods_TestHora.framework */,
			);
			name = Frameworks;
			sourceTree = "<group>";
		};
		92633600258B7CA500E7D6DE = {
			isa = PBXGroup;
			children = (
				9263360B258B7CA500E7D6DE /* TestHora */,
				9263360A258B7CA500E7D6DE /* Products */,
				F5EE43FF510F92AACB67DEEE /* Pods */,
				1005A259280D23F5F9AB0ABB /* Frameworks */,
			);
			sourceTree = "<group>";
		};
		9263360A258B7CA500E7D6DE /* Products */ = {
			isa = PBXGroup;
			children = (
				92633609258B7CA500E7D6DE /* TestHora.app */,
			);
			name = Products;
			sourceTree = "<group>";
		};
		9263360B258B7CA500E7D6DE /* TestHora */ = {
			isa = PBXGroup;
			children = (
				9263360C258B7CA500E7D6DE /* AppDelegate.swift */,
				92633621258B7EBB00E7D6DE /* places.json */,
				9263360E258B7CA500E7D6DE /* SceneDelegate.swift */,
				92886DB5259CB887002ADCD2 /* Services */,
				92886DB4259CB878002ADCD2 /* Models */,
				92886DB2259CB866002ADCD2 /* ViewControllers */,
				92633615258B7CA700E7D6DE /* Assets.xcassets */,
				92633617258B7CA700E7D6DE /* LaunchScreen.storyboard */,
				9263361A258B7CA700E7D6DE /* Info.plist */,
			);
			path = TestHora;
			sourceTree = "<group>";
		};
		92670D3C25A49CD200574341 /* DetailsViewController */ = {
			isa = PBXGroup;
			children = (
				92912909258CB63E00C6945D /* DetailsViewController.swift */,
				92886DB8259F34FF002ADCD2 /* ButtomDetailView.swift */,
			);
			path = DetailsViewController;
			sourceTree = "<group>";
		};
		92886DB2259CB866002ADCD2 /* ViewControllers */ = {
			isa = PBXGroup;
			children = (
				9263362E258C3ECE00E7D6DE /* PlacesViewController.swift */,
				92670D3C25A49CD200574341 /* DetailsViewController */,
				92633610258B7CA500E7D6DE /* MenuViewController.swift */,
				92DCD13D25A0648500254EF6 /* Cells */,
			);
			path = ViewControllers;
			sourceTree = "<group>";
		};
		92886DB4259CB878002ADCD2 /* Models */ = {
			isa = PBXGroup;
			children = (
				92633625258B906100E7D6DE /* Place.swift */,
			);
			path = Models;
			sourceTree = "<group>";
		};
		92886DB5259CB887002ADCD2 /* Services */ = {
			isa = PBXGroup;
			children = (
				92633629258B98A200E7D6DE /* NetworkManager.swift */,
			);
			path = Services;
			sourceTree = "<group>";
		};
		92DCD13D25A0648500254EF6 /* Cells */ = {
			isa = PBXGroup;
			children = (
				92F9D8122592341100409F78 /* PlacesCustomCell.swift */,
			);
			path = Cells;
			sourceTree = "<group>";
		};
		F5EE43FF510F92AACB67DEEE /* Pods */ = {
			isa = PBXGroup;
			children = (
				0B492D113601EF1B79F84976 /* Pods-TestHora.debug.xcconfig */,
				697450910426DF7D81AD8E86 /* Pods-TestHora.release.xcconfig */,
			);
			path = Pods;
			sourceTree = "<group>";
		};
/* End PBXGroup section */

/* Begin PBXNativeTarget section */
		92633608258B7CA500E7D6DE /* TestHora */ = {
			isa = PBXNativeTarget;
			buildConfigurationList = 9263361D258B7CA800E7D6DE /* Build configuration list for PBXNativeTarget "TestHora" */;
			buildPhases = (
				D3542D3E10B4CAC34379CB3A /* [CP] Check Pods Manifest.lock */,
				92633605258B7CA500E7D6DE /* Sources */,
				92633606258B7CA500E7D6DE /* Frameworks */,
				92633607258B7CA500E7D6DE /* Resources */,
				18862BD9620279333A624493 /* [CP] Embed Pods Frameworks */,
			);
			buildRules = (
			);
			dependencies = (
			);
			name = TestHora;
			productName = TestHora;
			productReference = 92633609258B7CA500E7D6DE /* TestHora.app */;
			productType = "com.apple.product-type.application";
		};
/* End PBXNativeTarget section */

/* Begin PBXProject section */
		92633601258B7CA500E7D6DE /* Project object */ = {
			isa = PBXProject;
			attributes = {
				LastSwiftUpdateCheck = 1200;
				LastUpgradeCheck = 1200;
				TargetAttributes = {
					92633608258B7CA500E7D6DE = {
						CreatedOnToolsVersion = 12.0;
					};
				};
			};
			buildConfigurationList = 92633604258B7CA500E7D6DE /* Build configuration list for PBXProject "TestHora" */;
			compatibilityVersion = "Xcode 9.3";
			developmentRegion = en;
			hasScannedForEncodings = 0;
			knownRegions = (
				en,
				Base,
			);
			mainGroup = 92633600258B7CA500E7D6DE;
			productRefGroup = 9263360A258B7CA500E7D6DE /* Products */;
			projectDirPath = "";
			projectRoot = "";
			targets = (
				92633608258B7CA500E7D6DE /* TestHora */,
			);
		};
/* End PBXProject section */

/* Begin PBXResourcesBuildPhase section */
		92633607258B7CA500E7D6DE /* Resources */ = {
			isa = PBXResourcesBuildPhase;
			buildActionMask = 2147483647;
			files = (
				92633619258B7CA700E7D6DE /* LaunchScreen.storyboard in Resources */,
				92633616258B7CA700E7D6DE /* Assets.xcassets in Resources */,
				92633622258B7EBB00E7D6DE /* places.json in Resources */,
			);
			runOnlyForDeploymentPostprocessing = 0;
		};
/* End PBXResourcesBuildPhase section */

/* Begin PBXShellScriptBuildPhase section */
		18862BD9620279333A624493 /* [CP] Embed Pods Frameworks */ = {
			isa = PBXShellScriptBuildPhase;
			buildActionMask = 2147483647;
			files = (
			);
			inputFileListPaths = (
				"${PODS_ROOT}/Target Support Files/Pods-TestHora/Pods-TestHora-frameworks-${CONFIGURATION}-input-files.xcfilelist",
			);
			name = "[CP] Embed Pods Frameworks";
			outputFileListPaths = (
				"${PODS_ROOT}/Target Support Files/Pods-TestHora/Pods-TestHora-frameworks-${CONFIGURATION}-output-files.xcfilelist",
			);
			runOnlyForDeploymentPostprocessing = 0;
			shellPath = /bin/sh;
			shellScript = "\"${PODS_ROOT}/Target Support Files/Pods-TestHora/Pods-TestHora-frameworks.sh\"\n";
			showEnvVarsInLog = 0;
		};
		D3542D3E10B4CAC34379CB3A /* [CP] Check Pods Manifest.lock */ = {
			isa = PBXShellScriptBuildPhase;
			buildActionMask = 2147483647;
			files = (
			);
			inputFileListPaths = (
			);
			inputPaths = (
				"${PODS_PODFILE_DIR_PATH}/Podfile.lock",
				"${PODS_ROOT}/Manifest.lock",
			);
			name = "[CP] Check Pods Manifest.lock";
			outputFileListPaths = (
			);
			outputPaths = (
				"$(DERIVED_FILE_DIR)/Pods-TestHora-checkManifestLockResult.txt",
			);
			runOnlyForDeploymentPostprocessing = 0;
			shellPath = /bin/sh;
			shellScript = "diff \"${PODS_PODFILE_DIR_PATH}/Podfile.lock\" \"${PODS_ROOT}/Manifest.lock\" > /dev/null\nif [ $? != 0 ] ; then\n    # print error to STDERR\n    echo \"error: The sandbox is not in sync with the Podfile.lock. Run 'pod install' or update your CocoaPods installation.\" >&2\n    exit 1\nfi\n# This output is used by Xcode 'outputs' to avoid re-running this script phase.\necho \"SUCCESS\" > \"${SCRIPT_OUTPUT_FILE_0}\"\n";
			showEnvVarsInLog = 0;
		};
/* End PBXShellScriptBuildPhase section */

/* Begin PBXSourcesBuildPhase section */
		92633605258B7CA500E7D6DE /* Sources */ = {
			isa = PBXSourcesBuildPhase;
			buildActionMask = 2147483647;
			files = (
				9263362F258C3ECE00E7D6DE /* PlacesViewController.swift in Sources */,
				92633611258B7CA500E7D6DE /* MenuViewController.swift in Sources */,
				92633626258B906100E7D6DE /* Place.swift in Sources */,
				9263362A258B98A200E7D6DE /* NetworkManager.swift in Sources */,
				92F9D8132592341100409F78 /* PlacesCustomCell.swift in Sources */,
				9291290A258CB63E00C6945D /* DetailsViewController.swift in Sources */,
				92886DB9259F34FF002ADCD2 /* ButtomDetailView.swift in Sources */,
				9263360D258B7CA500E7D6DE /* AppDelegate.swift in Sources */,
				9263360F258B7CA500E7D6DE /* SceneDelegate.swift in Sources */,
			);
			runOnlyForDeploymentPostprocessing = 0;
		};
/* End PBXSourcesBuildPhase section */

/* Begin PBXVariantGroup section */
		92633617258B7CA700E7D6DE /* LaunchScreen.storyboard */ = {
			isa = PBXVariantGroup;
			children = (
				92633618258B7CA700E7D6DE /* Base */,
			);
			name = LaunchScreen.storyboard;
			sourceTree = "<group>";
		};
/* End PBXVariantGroup section */

/* Begin XCBuildConfiguration section */
		9263361B258B7CA700E7D6DE /* Debug */ = {
			isa = XCBuildConfiguration;
			buildSettings = {
				ALWAYS_SEARCH_USER_PATHS = NO;
				CLANG_ANALYZER_NONNULL = YES;
				CLANG_ANALYZER_NUMBER_OBJECT_CONVERSION = YES_AGGRESSIVE;
				CLANG_CXX_LANGUAGE_STANDARD = "gnu++14";
				CLANG_CXX_LIBRARY = "libc++";
				CLANG_ENABLE_MODULES = YES;
				CLANG_ENABLE_OBJC_ARC = YES;
				CLANG_ENABLE_OBJC_WEAK = YES;
				CLANG_WARN_BLOCK_CAPTURE_AUTORELEASING = YES;
				CLANG_WARN_BOOL_CONVERSION = YES;
				CLANG_WARN_COMMA = YES;
				CLANG_WARN_CONSTANT_CONVERSION = YES;
				CLANG_WARN_DEPRECATED_OBJC_IMPLEMENTATIONS = YES;
				CLANG_WARN_DIRECT_OBJC_ISA_USAGE = YES_ERROR;
				CLANG_WARN_DOCUMENTATION_COMMENTS = YES;
				CLANG_WARN_EMPTY_BODY = YES;
				CLANG_WARN_ENUM_CONVERSION = YES;
				CLANG_WARN_INFINITE_RECURSION = YES;
				CLANG_WARN_INT_CONVERSION = YES;
				CLANG_WARN_NON_LITERAL_NULL_CONVERSION = YES;
				CLANG_WARN_OBJC_IMPLICIT_RETAIN_SELF = YES;
				CLANG_WARN_OBJC_LITERAL_CONVERSION = YES;
				CLANG_WARN_OBJC_ROOT_CLASS = YES_ERROR;
				CLANG_WARN_QUOTED_INCLUDE_IN_FRAMEWORK_HEADER = YES;
				CLANG_WARN_RANGE_LOOP_ANALYSIS = YES;
				CLANG_WARN_STRICT_PROTOTYPES = YES;
				CLANG_WARN_SUSPICIOUS_MOVE = YES;
				CLANG_WARN_UNGUARDED_AVAILABILITY = YES_AGGRESSIVE;
				CLANG_WARN_UNREACHABLE_CODE = YES;
				CLANG_WARN__DUPLICATE_METHOD_MATCH = YES;
				COPY_PHASE_STRIP = NO;
				DEBUG_INFORMATION_FORMAT = dwarf;
				ENABLE_STRICT_OBJC_MSGSEND = YES;
				ENABLE_TESTABILITY = YES;
				GCC_C_LANGUAGE_STANDARD = gnu11;
				GCC_DYNAMIC_NO_PIC = NO;
				GCC_NO_COMMON_BLOCKS = YES;
				GCC_OPTIMIZATION_LEVEL = 0;
				GCC_PREPROCESSOR_DEFINITIONS = (
					"DEBUG=1",
					"$(inherited)",
				);
				GCC_WARN_64_TO_32_BIT_CONVERSION = YES;
				GCC_WARN_ABOUT_RETURN_TYPE = YES_ERROR;
				GCC_WARN_UNDECLARED_SELECTOR = YES;
				GCC_WARN_UNINITIALIZED_AUTOS = YES_AGGRESSIVE;
				GCC_WARN_UNUSED_FUNCTION = YES;
				GCC_WARN_UNUSED_VARIABLE = YES;
				IPHONEOS_DEPLOYMENT_TARGET = 14.0;
				MTL_ENABLE_DEBUG_INFO = INCLUDE_SOURCE;
				MTL_FAST_MATH = YES;
				ONLY_ACTIVE_ARCH = YES;
				SDKROOT = iphoneos;
				SWIFT_ACTIVE_COMPILATION_CONDITIONS = DEBUG;
				SWIFT_OPTIMIZATION_LEVEL = "-Onone";
			};
			name = Debug;
		};
		9263361C258B7CA700E7D6DE /* Release */ = {
			isa = XCBuildConfiguration;
			buildSettings = {
				ALWAYS_SEARCH_USER_PATHS = NO;
				CLANG_ANALYZER_NONNULL = YES;
				CLANG_ANALYZER_NUMBER_OBJECT_CONVERSION = YES_AGGRESSIVE;
				CLANG_CXX_LANGUAGE_STANDARD = "gnu++14";
				CLANG_CXX_LIBRARY = "libc++";
				CLANG_ENABLE_MODULES = YES;
				CLANG_ENABLE_OBJC_ARC = YES;
				CLANG_ENABLE_OBJC_WEAK = YES;
				CLANG_WARN_BLOCK_CAPTURE_AUTORELEASING = YES;
				CLANG_WARN_BOOL_CONVERSION = YES;
				CLANG_WARN_COMMA = YES;
				CLANG_WARN_CONSTANT_CONVERSION = YES;
				CLANG_WARN_DEPRECATED_OBJC_IMPLEMENTATIONS = YES;
				CLANG_WARN_DIRECT_OBJC_ISA_USAGE = YES_ERROR;
				CLANG_WARN_DOCUMENTATION_COMMENTS = YES;
				CLANG_WARN_EMPTY_BODY = YES;
				CLANG_WARN_ENUM_CONVERSION = YES;
				CLANG_WARN_INFINITE_RECURSION = YES;
				CLANG_WARN_INT_CONVERSION = YES;
				CLANG_WARN_NON_LITERAL_NULL_CONVERSION = YES;
				CLANG_WARN_OBJC_IMPLICIT_RETAIN_SELF = YES;
				CLANG_WARN_OBJC_LITERAL_CONVERSION = YES;
				CLANG_WARN_OBJC_ROOT_CLASS = YES_ERROR;
				CLANG_WARN_QUOTED_INCLUDE_IN_FRAMEWORK_HEADER = YES;
				CLANG_WARN_RANGE_LOOP_ANALYSIS = YES;
				CLANG_WARN_STRICT_PROTOTYPES = YES;
				CLANG_WARN_SUSPICIOUS_MOVE = YES;
				CLANG_WARN_UNGUARDED_AVAILABILITY = YES_AGGRESSIVE;
				CLANG_WARN_UNREACHABLE_CODE = YES;
				CLANG_WARN__DUPLICATE_METHOD_MATCH = YES;
				COPY_PHASE_STRIP = NO;
				DEBUG_INFORMATION_FORMAT = "dwarf-with-dsym";
				ENABLE_NS_ASSERTIONS = NO;
				ENABLE_STRICT_OBJC_MSGSEND = YES;
				GCC_C_LANGUAGE_STANDARD = gnu11;
				GCC_NO_COMMON_BLOCKS = YES;
				GCC_WARN_64_TO_32_BIT_CONVERSION = YES;
				GCC_WARN_ABOUT_RETURN_TYPE = YES_ERROR;
				GCC_WARN_UNDECLARED_SELECTOR = YES;
				GCC_WARN_UNINITIALIZED_AUTOS = YES_AGGRESSIVE;
				GCC_WARN_UNUSED_FUNCTION = YES;
				GCC_WARN_UNUSED_VARIABLE = YES;
				IPHONEOS_DEPLOYMENT_TARGET = 14.0;
				MTL_ENABLE_DEBUG_INFO = NO;
				MTL_FAST_MATH = YES;
				SDKROOT = iphoneos;
				SWIFT_COMPILATION_MODE = wholemodule;
				SWIFT_OPTIMIZATION_LEVEL = "-O";
				VALIDATE_PRODUCT = YES;
			};
			name = Release;
		};
		9263361E258B7CA800E7D6DE /* Debug */ = {
			isa = XCBuildConfiguration;
			baseConfigurationReference = 0B492D113601EF1B79F84976 /* Pods-TestHora.debug.xcconfig */;
			buildSettings = {
				ASSETCATALOG_COMPILER_APPICON_NAME = AppIcon;
				ASSETCATALOG_COMPILER_GLOBAL_ACCENT_COLOR_NAME = AccentColor;
				CODE_SIGN_STYLE = Automatic;
				DEVELOPMENT_TEAM = VV3HM9845R;
				INFOPLIST_FILE = TestHora/Info.plist;
				LD_RUNPATH_SEARCH_PATHS = (
					"$(inherited)",
					"@executable_path/Frameworks",
				);
				PRODUCT_BUNDLE_IDENTIFIER = Denis.TestHora;
				PRODUCT_NAME = "$(TARGET_NAME)";
				SWIFT_VERSION = 5.0;
				TARGETED_DEVICE_FAMILY = "1,2";
			};
			name = Debug;
		};
		9263361F258B7CA800E7D6DE /* Release */ = {
			isa = XCBuildConfiguration;
			baseConfigurationReference = 697450910426DF7D81AD8E86 /* Pods-TestHora.release.xcconfig */;
			buildSettings = {
				ASSETCATALOG_COMPILER_APPICON_NAME = AppIcon;
				ASSETCATALOG_COMPILER_GLOBAL_ACCENT_COLOR_NAME = AccentColor;
				CODE_SIGN_STYLE = Automatic;
				DEVELOPMENT_TEAM = VV3HM9845R;
				INFOPLIST_FILE = TestHora/Info.plist;
				LD_RUNPATH_SEARCH_PATHS = (
					"$(inherited)",
					"@executable_path/Frameworks",
				);
				PRODUCT_BUNDLE_IDENTIFIER = Denis.TestHora;
				PRODUCT_NAME = "$(TARGET_NAME)";
				SWIFT_VERSION = 5.0;
				TARGETED_DEVICE_FAMILY = "1,2";
			};
			name = Release;
		};
/* End XCBuildConfiguration section */

/* Begin XCConfigurationList section */
		92633604258B7CA500E7D6DE /* Build configuration list for PBXProject "TestHora" */ = {
			isa = XCConfigurationList;
			buildConfigurations = (
				9263361B258B7CA700E7D6DE /* Debug */,
				9263361C258B7CA700E7D6DE /* Release */,
			);
			defaultConfigurationIsVisible = 0;
			defaultConfigurationName = Release;
		};
		9263361D258B7CA800E7D6DE /* Build configuration list for PBXNativeTarget "TestHora" */ = {
			isa = XCConfigurationList;
			buildConfigurations = (
				9263361E258B7CA800E7D6DE /* Debug */,
				9263361F258B7CA800E7D6DE /* Release */,
			);
			defaultConfigurationIsVisible = 0;
			defaultConfigurationName = Release;
		};
/* End XCConfigurationList section */
	};
	rootObject = 92633601258B7CA500E7D6DE /* Project object */;
}
